
Microsoft Visual Studio Solution File, Format Version 12.00
# Visual Studio Version 17
VisualStudioVersion = 17.0.32014.148
MinimumVisualStudioVersion = 10.0.40219.1
Project("{9A19103F-16F7-4668-BE54-9A1E7A4F7556}") = "C-3PO", "C-3PO\C-3PO.csproj", "{2BF0CA1F-5ACC-4B81-9132-3529C62D0401}"
EndProject
Global
	GlobalSection(SolutionConfigurationPlatforms) = preSolution
		Debug|Any CPU = Debug|Any CPU
		Release|Any CPU = Release|Any CPU
	EndGlobalSection
	GlobalSection(ProjectConfigurationPlatforms) = postSolution
		{2BF0CA1F-5ACC-4B81-9132-3529C62D0401}.Debug|Any CPU.ActiveCfg = Debug|Any CPU
		{2BF0CA1F-5ACC-4B81-9132-3529C62D0401}.Debug|Any CPU.Build.0 = Debug|Any CPU
		{2BF0CA1F-5ACC-4B81-9132-3529C62D0401}.Release|Any CPU.ActiveCfg = Release|Any CPU
		{2BF0CA1F-5ACC-4B81-9132-3529C62D0401}.Release|Any CPU.Build.0 = Release|Any CPU
	EndGlobalSection
	GlobalSection(SolutionProperties) = preSolution
		HideSolutionNode = FALSE
	EndGlobalSection
	GlobalSection(ExtensibilityGlobals) = postSolution
		SolutionGuid = {FEA6C13C-B19A-4AFA-93D3-25854DBDC743}
	EndGlobalSection
EndGlobal
